
Microsoft Visual Studio Solution File, Format Version 12.00
# Visual Studio 15
VisualStudioVersion = 15.0.27703.2026
MinimumVisualStudioVersion = 10.0.40219.1
Project("{FAE04EC0-301F-11D3-BF4B-00C04F79EFBC}") = "WorkoutApp", "WorkoutApp\WorkoutApp.csproj", "{4BD8E792-B3CD-440A-8613-3A527D51D7B9}"
EndProject
Project("{FAE04EC0-301F-11D3-BF4B-00C04F79EFBC}") = "WorkoutApp.Domain", "WorkoutApp.Domain\WorkoutApp.Domain.csproj", "{8C9A9DF5-C9FB-44A1-AD69-B8571ADD5DBA}"
EndProject
Project("{FAE04EC0-301F-11D3-BF4B-00C04F79EFBC}") = "WorkoutApp.Data", "WorkoutApp.Data\WorkoutApp.Data.csproj", "{C281599F-8656-4D6C-B693-F5B71B64A587}"
EndProject
Global
	GlobalSection(SolutionConfigurationPlatforms) = preSolution
		Debug|Any CPU = Debug|Any CPU
		Release|Any CPU = Release|Any CPU
	EndGlobalSection
	GlobalSection(ProjectConfigurationPlatforms) = postSolution
		{4BD8E792-B3CD-440A-8613-3A527D51D7B9}.Debug|Any CPU.ActiveCfg = Debug|Any CPU
		{4BD8E792-B3CD-440A-8613-3A527D51D7B9}.Debug|Any CPU.Build.0 = Debug|Any CPU
		{4BD8E792-B3CD-440A-8613-3A527D51D7B9}.Release|Any CPU.ActiveCfg = Release|Any CPU
		{4BD8E792-B3CD-440A-8613-3A527D51D7B9}.Release|Any CPU.Build.0 = Release|Any CPU
		{8C9A9DF5-C9FB-44A1-AD69-B8571ADD5DBA}.Debug|Any CPU.ActiveCfg = Debug|Any CPU
		{8C9A9DF5-C9FB-44A1-AD69-B8571ADD5DBA}.Debug|Any CPU.Build.0 = Debug|Any CPU
		{8C9A9DF5-C9FB-44A1-AD69-B8571ADD5DBA}.Release|Any CPU.ActiveCfg = Release|Any CPU
		{8C9A9DF5-C9FB-44A1-AD69-B8571ADD5DBA}.Release|Any CPU.Build.0 = Release|Any CPU
		{C281599F-8656-4D6C-B693-F5B71B64A587}.Debug|Any CPU.ActiveCfg = Debug|Any CPU
		{C281599F-8656-4D6C-B693-F5B71B64A587}.Debug|Any CPU.Build.0 = Debug|Any CPU
		{C281599F-8656-4D6C-B693-F5B71B64A587}.Release|Any CPU.ActiveCfg = Release|Any CPU
		{C281599F-8656-4D6C-B693-F5B71B64A587}.Release|Any CPU.Build.0 = Release|Any CPU
	EndGlobalSection
	GlobalSection(SolutionProperties) = preSolution
		HideSolutionNode = FALSE
	EndGlobalSection
	GlobalSection(ExtensibilityGlobals) = postSolution
		SolutionGuid = {0D5EF8A4-EA9D-4139-B96D-EF8807FDFB61}
	EndGlobalSection
EndGlobal
